// !$*UTF8*$!
{
	archiveVersion = 1;
	classes = {
	};
	objectVersion = 46;
	objects = {

/* Begin PBXBuildFile section */
		0091D8F90E81B9330029341E /* OpenGL.framework in Frameworks */ = {isa = PBXBuildFile; fileRef = 0091D8F80E81B9330029341E /* OpenGL.framework */; };
		00B784B30FF439BC000DE1D7 /* Accelerate.framework in Frameworks */ = {isa = PBXBuildFile; fileRef = 00B784AF0FF439BC000DE1D7 /* Accelerate.framework */; };
		00B784B40FF439BC000DE1D7 /* AudioToolbox.framework in Frameworks */ = {isa = PBXBuildFile; fileRef = 00B784B00FF439BC000DE1D7 /* AudioToolbox.framework */; };
		00B784B50FF439BC000DE1D7 /* AudioUnit.framework in Frameworks */ = {isa = PBXBuildFile; fileRef = 00B784B10FF439BC000DE1D7 /* AudioUnit.framework */; };
		00B784B60FF439BC000DE1D7 /* CoreAudio.framework in Frameworks */ = {isa = PBXBuildFile; fileRef = 00B784B20FF439BC000DE1D7 /* CoreAudio.framework */; };
		5323E6B20EAFCA74003A9687 /* CoreVideo.framework in Frameworks */ = {isa = PBXBuildFile; fileRef = 5323E6B10EAFCA74003A9687 /* CoreVideo.framework */; };
		5323E6B60EAFCA7E003A9687 /* QTKit.framework in Frameworks */ = {isa = PBXBuildFile; fileRef = 5323E6B50EAFCA7E003A9687 /* QTKit.framework */; };
		558C4D7D29204EC38A5851CB /* CinderApp.icns in Resources */ = {isa = PBXBuildFile; fileRef = B2495A6CEF0F41F58BC408F0 /* CinderApp.icns */; };
		8D11072F0486CEB800E47090 /* Cocoa.framework in Frameworks */ = {isa = PBXBuildFile; fileRef = 1058C7A1FEA54F0111CA2CBB /* Cocoa.framework */; };
		DF52170B18BEB1BB00A53D8C /* VerletCurtain.cpp in Sources */ = {isa = PBXBuildFile; fileRef = DF52170618BEB1BB00A53D8C /* VerletCurtain.cpp */; };
		DF52170C18BEB1BB00A53D8C /* VerletObjects.cpp in Sources */ = {isa = PBXBuildFile; fileRef = DF52170718BEB1BB00A53D8C /* VerletObjects.cpp */; };
		DF52170D18BEB1BB00A53D8C /* VerletRagdoll.cpp in Sources */ = {isa = PBXBuildFile; fileRef = DF52170818BEB1BB00A53D8C /* VerletRagdoll.cpp */; };
		DF52170E18BEB1BB00A53D8C /* VerletRope.cpp in Sources */ = {isa = PBXBuildFile; fileRef = DF52170918BEB1BB00A53D8C /* VerletRope.cpp */; };
		DF52170F18BEB1BB00A53D8C /* VerletWorld.cpp in Sources */ = {isa = PBXBuildFile; fileRef = DF52170A18BEB1BB00A53D8C /* VerletWorld.cpp */; };
		DF6D314218BD45890001EAE7 /* Tentacle.cpp in Sources */ = {isa = PBXBuildFile; fileRef = DF6D314018BD45890001EAE7 /* Tentacle.cpp */; };
		DFBE66F618BD3F2C00666578 /* VectorField.cpp in Sources */ = {isa = PBXBuildFile; fileRef = DFBE66F418BD3F2C00666578 /* VectorField.cpp */; };
		EE7EEDD92D4F49EFB2894ACE /* Tentacles_Testing_2App.cpp in Sources */ = {isa = PBXBuildFile; fileRef = CE45689E38EF4EF9BDC25741 /* Tentacles_Testing_2App.cpp */; };
/* End PBXBuildFile section */

/* Begin PBXFileReference section */
		0091D8F80E81B9330029341E /* OpenGL.framework */ = {isa = PBXFileReference; lastKnownFileType = wrapper.framework; name = OpenGL.framework; path = /System/Library/Frameworks/OpenGL.framework; sourceTree = "<absolute>"; };
		00B784AF0FF439BC000DE1D7 /* Accelerate.framework */ = {isa = PBXFileReference; lastKnownFileType = wrapper.framework; name = Accelerate.framework; path = System/Library/Frameworks/Accelerate.framework; sourceTree = SDKROOT; };
		00B784B00FF439BC000DE1D7 /* AudioToolbox.framework */ = {isa = PBXFileReference; lastKnownFileType = wrapper.framework; name = AudioToolbox.framework; path = System/Library/Frameworks/AudioToolbox.framework; sourceTree = SDKROOT; };
		00B784B10FF439BC000DE1D7 /* AudioUnit.framework */ = {isa = PBXFileReference; lastKnownFileType = wrapper.framework; name = AudioUnit.framework; path = System/Library/Frameworks/AudioUnit.framework; sourceTree = SDKROOT; };
		00B784B20FF439BC000DE1D7 /* CoreAudio.framework */ = {isa = PBXFileReference; lastKnownFileType = wrapper.framework; name = CoreAudio.framework; path = System/Library/Frameworks/CoreAudio.framework; sourceTree = SDKROOT; };
		1058C7A1FEA54F0111CA2CBB /* Cocoa.framework */ = {isa = PBXFileReference; lastKnownFileType = wrapper.framework; name = Cocoa.framework; path = /System/Library/Frameworks/Cocoa.framework; sourceTree = "<absolute>"; };
		29B97324FDCFA39411CA2CEA /* AppKit.framework */ = {isa = PBXFileReference; lastKnownFileType = wrapper.framework; name = AppKit.framework; path = /System/Library/Frameworks/AppKit.framework; sourceTree = "<absolute>"; };
		29B97325FDCFA39411CA2CEA /* Foundation.framework */ = {isa = PBXFileReference; lastKnownFileType = wrapper.framework; name = Foundation.framework; path = /System/Library/Frameworks/Foundation.framework; sourceTree = "<absolute>"; };
		5323E6B10EAFCA74003A9687 /* CoreVideo.framework */ = {isa = PBXFileReference; lastKnownFileType = wrapper.framework; name = CoreVideo.framework; path = /System/Library/Frameworks/CoreVideo.framework; sourceTree = "<absolute>"; };
		5323E6B50EAFCA7E003A9687 /* QTKit.framework */ = {isa = PBXFileReference; lastKnownFileType = wrapper.framework; name = QTKit.framework; path = /System/Library/Frameworks/QTKit.framework; sourceTree = "<absolute>"; };
		6E424B5E28354C5C84E2DEE8 /* Resources.h */ = {isa = PBXFileReference; lastKnownFileType = sourcecode.c.h; name = Resources.h; path = ../include/Resources.h; sourceTree = "<group>"; };
		8D1107320486CEB800E47090 /* Tentacles_Testing_2.app */ = {isa = PBXFileReference; explicitFileType = wrapper.application; includeInIndex = 0; path = Tentacles_Testing_2.app; sourceTree = BUILT_PRODUCTS_DIR; };
		B2495A6CEF0F41F58BC408F0 /* CinderApp.icns */ = {isa = PBXFileReference; lastKnownFileType = image.icns; name = CinderApp.icns; path = ../resources/CinderApp.icns; sourceTree = "<group>"; };
		B42919E248CF4312A8D1FB90 /* Info.plist */ = {isa = PBXFileReference; lastKnownFileType = text.plist.xml; path = Info.plist; sourceTree = "<group>"; };
		CE45689E38EF4EF9BDC25741 /* Tentacles_Testing_2App.cpp */ = {isa = PBXFileReference; lastKnownFileType = sourcecode.c.cpp; name = Tentacles_Testing_2App.cpp; path = ../src/Tentacles_Testing_2App.cpp; sourceTree = "<group>"; };
		DF52170018BEB1BB00A53D8C /* VerletCurtain.h */ = {isa = PBXFileReference; fileEncoding = 4; lastKnownFileType = sourcecode.c.h; path = VerletCurtain.h; sourceTree = "<group>"; };
		DF52170118BEB1BB00A53D8C /* VerletObjects.h */ = {isa = PBXFileReference; fileEncoding = 4; lastKnownFileType = sourcecode.c.h; path = VerletObjects.h; sourceTree = "<group>"; };
		DF52170218BEB1BB00A53D8C /* VerletRagdoll.h */ = {isa = PBXFileReference; fileEncoding = 4; lastKnownFileType = sourcecode.c.h; path = VerletRagdoll.h; sourceTree = "<group>"; };
		DF52170318BEB1BB00A53D8C /* VerletRope.h */ = {isa = PBXFileReference; fileEncoding = 4; lastKnownFileType = sourcecode.c.h; path = VerletRope.h; sourceTree = "<group>"; };
		DF52170418BEB1BB00A53D8C /* VerletWorld.h */ = {isa = PBXFileReference; fileEncoding = 4; lastKnownFileType = sourcecode.c.h; path = VerletWorld.h; sourceTree = "<group>"; };
		DF52170618BEB1BB00A53D8C /* VerletCurtain.cpp */ = {isa = PBXFileReference; fileEncoding = 4; lastKnownFileType = sourcecode.cpp.cpp; path = VerletCurtain.cpp; sourceTree = "<group>"; };
		DF52170718BEB1BB00A53D8C /* VerletObjects.cpp */ = {isa = PBXFileReference; fileEncoding = 4; lastKnownFileType = sourcecode.cpp.cpp; path = VerletObjects.cpp; sourceTree = "<group>"; };
		DF52170818BEB1BB00A53D8C /* VerletRagdoll.cpp */ = {isa = PBXFileReference; fileEncoding = 4; lastKnownFileType = sourcecode.cpp.cpp; path = VerletRagdoll.cpp; sourceTree = "<group>"; };
		DF52170918BEB1BB00A53D8C /* VerletRope.cpp */ = {isa = PBXFileReference; fileEncoding = 4; lastKnownFileType = sourcecode.cpp.cpp; path = VerletRope.cpp; sourceTree = "<group>"; };
		DF52170A18BEB1BB00A53D8C /* VerletWorld.cpp */ = {isa = PBXFileReference; fileEncoding = 4; lastKnownFileType = sourcecode.cpp.cpp; path = VerletWorld.cpp; sourceTree = "<group>"; };
		DF6D314018BD45890001EAE7 /* Tentacle.cpp */ = {isa = PBXFileReference; fileEncoding = 4; lastKnownFileType = sourcecode.cpp.cpp; name = Tentacle.cpp; path = ../src/Tentacle.cpp; sourceTree = "<group>"; };
		DF6D314118BD45890001EAE7 /* Tentacle.h */ = {isa = PBXFileReference; fileEncoding = 4; lastKnownFileType = sourcecode.c.h; name = Tentacle.h; path = ../src/Tentacle.h; sourceTree = "<group>"; };
		DF6D314318BD80050001EAE7 /* Utility_3D.h */ = {isa = PBXFileReference; fileEncoding = 4; lastKnownFileType = sourcecode.c.h; name = Utility_3D.h; path = ../src/Utility_3D.h; sourceTree = "<group>"; };
		DFBE66F418BD3F2C00666578 /* VectorField.cpp */ = {isa = PBXFileReference; fileEncoding = 4; lastKnownFileType = sourcecode.cpp.cpp; name = VectorField.cpp; path = ../src/vectorField/VectorField.cpp; sourceTree = "<group>"; };
		DFBE66F518BD3F2C00666578 /* VectorField.h */ = {isa = PBXFileReference; fileEncoding = 4; lastKnownFileType = sourcecode.c.h; name = VectorField.h; path = ../src/vectorField/VectorField.h; sourceTree = "<group>"; };
		E1B5C4B7836044D7AA2E3322 /* Tentacles_Testing_2_Prefix.pch */ = {isa = PBXFileReference; lastKnownFileType = "\"\""; path = Tentacles_Testing_2_Prefix.pch; sourceTree = "<group>"; };
/* End PBXFileReference section */

/* Begin PBXFrameworksBuildPhase section */
		8D11072E0486CEB800E47090 /* Frameworks */ = {
			isa = PBXFrameworksBuildPhase;
			buildActionMask = 2147483647;
			files = (
				8D11072F0486CEB800E47090 /* Cocoa.framework in Frameworks */,
				0091D8F90E81B9330029341E /* OpenGL.framework in Frameworks */,
				5323E6B20EAFCA74003A9687 /* CoreVideo.framework in Frameworks */,
				5323E6B60EAFCA7E003A9687 /* QTKit.framework in Frameworks */,
				00B784B30FF439BC000DE1D7 /* Accelerate.framework in Frameworks */,
				00B784B40FF439BC000DE1D7 /* AudioToolbox.framework in Frameworks */,
				00B784B50FF439BC000DE1D7 /* AudioUnit.framework in Frameworks */,
				00B784B60FF439BC000DE1D7 /* CoreAudio.framework in Frameworks */,
			);
			runOnlyForDeploymentPostprocessing = 0;
		};
/* End PBXFrameworksBuildPhase section */

/* Begin PBXGroup section */
		080E96DDFE201D6D7F000001 /* Source */ = {
			isa = PBXGroup;
			children = (
				DF5216FE18BEB1BB00A53D8C /* VerletPhysics */,
				DF6D314318BD80050001EAE7 /* Utility_3D.h */,
				DFBE66F418BD3F2C00666578 /* VectorField.cpp */,
				DFBE66F518BD3F2C00666578 /* VectorField.h */,
				CE45689E38EF4EF9BDC25741 /* Tentacles_Testing_2App.cpp */,
				DF6D314018BD45890001EAE7 /* Tentacle.cpp */,
				DF6D314118BD45890001EAE7 /* Tentacle.h */,
			);
			name = Source;
			sourceTree = "<group>";
		};
		1058C7A0FEA54F0111CA2CBB /* Linked Frameworks */ = {
			isa = PBXGroup;
			children = (
				00B784AF0FF439BC000DE1D7 /* Accelerate.framework */,
				00B784B00FF439BC000DE1D7 /* AudioToolbox.framework */,
				00B784B10FF439BC000DE1D7 /* AudioUnit.framework */,
				00B784B20FF439BC000DE1D7 /* CoreAudio.framework */,
				5323E6B50EAFCA7E003A9687 /* QTKit.framework */,
				5323E6B10EAFCA74003A9687 /* CoreVideo.framework */,
				0091D8F80E81B9330029341E /* OpenGL.framework */,
				1058C7A1FEA54F0111CA2CBB /* Cocoa.framework */,
			);
			name = "Linked Frameworks";
			sourceTree = "<group>";
		};
		1058C7A2FEA54F0111CA2CBB /* Other Frameworks */ = {
			isa = PBXGroup;
			children = (
				29B97324FDCFA39411CA2CEA /* AppKit.framework */,
				29B97325FDCFA39411CA2CEA /* Foundation.framework */,
			);
			name = "Other Frameworks";
			sourceTree = "<group>";
		};
		19C28FACFE9D520D11CA2CBB /* Products */ = {
			isa = PBXGroup;
			children = (
				8D1107320486CEB800E47090 /* Tentacles_Testing_2.app */,
			);
			name = Products;
			sourceTree = "<group>";
		};
		29B97314FDCFA39411CA2CEA /* Tentacles_Testing_2 */ = {
			isa = PBXGroup;
			children = (
				DF6D327418BD89CA0001EAE7 /* blocks */,
				29B97315FDCFA39411CA2CEA /* Headers */,
				080E96DDFE201D6D7F000001 /* Source */,
				29B97317FDCFA39411CA2CEA /* Resources */,
				29B97323FDCFA39411CA2CEA /* Frameworks */,
				19C28FACFE9D520D11CA2CBB /* Products */,
			);
			name = Tentacles_Testing_2;
			sourceTree = "<group>";
		};
		29B97315FDCFA39411CA2CEA /* Headers */ = {
			isa = PBXGroup;
			children = (
				6E424B5E28354C5C84E2DEE8 /* Resources.h */,
				E1B5C4B7836044D7AA2E3322 /* Tentacles_Testing_2_Prefix.pch */,
			);
			name = Headers;
			sourceTree = "<group>";
		};
		29B97317FDCFA39411CA2CEA /* Resources */ = {
			isa = PBXGroup;
			children = (
				B2495A6CEF0F41F58BC408F0 /* CinderApp.icns */,
				B42919E248CF4312A8D1FB90 /* Info.plist */,
			);
			name = Resources;
			sourceTree = "<group>";
		};
		29B97323FDCFA39411CA2CEA /* Frameworks */ = {
			isa = PBXGroup;
			children = (
				1058C7A0FEA54F0111CA2CBB /* Linked Frameworks */,
				1058C7A2FEA54F0111CA2CBB /* Other Frameworks */,
			);
			name = Frameworks;
			sourceTree = "<group>";
		};
		DF5216FE18BEB1BB00A53D8C /* VerletPhysics */ = {
			isa = PBXGroup;
			children = (
				DF5216FF18BEB1BB00A53D8C /* includes */,
				DF52170518BEB1BB00A53D8C /* src */,
			);
			name = VerletPhysics;
			path = ../src/VerletPhysics;
			sourceTree = "<group>";
		};
		DF5216FF18BEB1BB00A53D8C /* includes */ = {
			isa = PBXGroup;
			children = (
				DF52170018BEB1BB00A53D8C /* VerletCurtain.h */,
				DF52170118BEB1BB00A53D8C /* VerletObjects.h */,
				DF52170218BEB1BB00A53D8C /* VerletRagdoll.h */,
				DF52170318BEB1BB00A53D8C /* VerletRope.h */,
				DF52170418BEB1BB00A53D8C /* VerletWorld.h */,
			);
			path = includes;
			sourceTree = "<group>";
		};
		DF52170518BEB1BB00A53D8C /* src */ = {
			isa = PBXGroup;
			children = (
				DF52170618BEB1BB00A53D8C /* VerletCurtain.cpp */,
				DF52170718BEB1BB00A53D8C /* VerletObjects.cpp */,
				DF52170818BEB1BB00A53D8C /* VerletRagdoll.cpp */,
				DF52170918BEB1BB00A53D8C /* VerletRope.cpp */,
				DF52170A18BEB1BB00A53D8C /* VerletWorld.cpp */,
			);
			path = src;
			sourceTree = "<group>";
		};
		DF6D327418BD89CA0001EAE7 /* blocks */ = {
			isa = PBXGroup;
			children = (
			);
			name = blocks;
			path = ../blocks;
			sourceTree = "<group>";
		};
/* End PBXGroup section */

/* Begin PBXNativeTarget section */
		8D1107260486CEB800E47090 /* Tentacles_Testing_2 */ = {
			isa = PBXNativeTarget;
			buildConfigurationList = C01FCF4A08A954540054247B /* Build configuration list for PBXNativeTarget "Tentacles_Testing_2" */;
			buildPhases = (
				8D1107290486CEB800E47090 /* Resources */,
				8D11072C0486CEB800E47090 /* Sources */,
				8D11072E0486CEB800E47090 /* Frameworks */,
			);
			buildRules = (
			);
			dependencies = (
			);
			name = Tentacles_Testing_2;
			productInstallPath = "$(HOME)/Applications";
			productName = Tentacles_Testing_2;
			productReference = 8D1107320486CEB800E47090 /* Tentacles_Testing_2.app */;
			productType = "com.apple.product-type.application";
		};
/* End PBXNativeTarget section */

/* Begin PBXProject section */
		29B97313FDCFA39411CA2CEA /* Project object */ = {
			isa = PBXProject;
			attributes = {
			};
			buildConfigurationList = C01FCF4E08A954540054247B /* Build configuration list for PBXProject "Tentacles_Testing_2" */;
			compatibilityVersion = "Xcode 3.2";
			developmentRegion = English;
			hasScannedForEncodings = 1;
			knownRegions = (
				English,
				Japanese,
				French,
				German,
			);
			mainGroup = 29B97314FDCFA39411CA2CEA /* Tentacles_Testing_2 */;
			projectDirPath = "";
			projectRoot = "";
			targets = (
				8D1107260486CEB800E47090 /* Tentacles_Testing_2 */,
			);
		};
/* End PBXProject section */

/* Begin PBXResourcesBuildPhase section */
		8D1107290486CEB800E47090 /* Resources */ = {
			isa = PBXResourcesBuildPhase;
			buildActionMask = 2147483647;
			files = (
				558C4D7D29204EC38A5851CB /* CinderApp.icns in Resources */,
			);
			runOnlyForDeploymentPostprocessing = 0;
		};
/* End PBXResourcesBuildPhase section */

/* Begin PBXSourcesBuildPhase section */
		8D11072C0486CEB800E47090 /* Sources */ = {
			isa = PBXSourcesBuildPhase;
			buildActionMask = 2147483647;
			files = (
				DF52170C18BEB1BB00A53D8C /* VerletObjects.cpp in Sources */,
				DF52170D18BEB1BB00A53D8C /* VerletRagdoll.cpp in Sources */,
				DF52170F18BEB1BB00A53D8C /* VerletWorld.cpp in Sources */,
				DF6D314218BD45890001EAE7 /* Tentacle.cpp in Sources */,
				EE7EEDD92D4F49EFB2894ACE /* Tentacles_Testing_2App.cpp in Sources */,
				DF52170B18BEB1BB00A53D8C /* VerletCurtain.cpp in Sources */,
				DF52170E18BEB1BB00A53D8C /* VerletRope.cpp in Sources */,
				DFBE66F618BD3F2C00666578 /* VectorField.cpp in Sources */,
			);
			runOnlyForDeploymentPostprocessing = 0;
		};
/* End PBXSourcesBuildPhase section */

/* Begin XCBuildConfiguration section */
		C01FCF4B08A954540054247B /* Debug */ = {
			isa = XCBuildConfiguration;
			buildSettings = {
				COMBINE_HIDPI_IMAGES = YES;
				COPY_PHASE_STRIP = NO;
				DEAD_CODE_STRIPPING = YES;
				GCC_DYNAMIC_NO_PIC = NO;
				GCC_INLINES_ARE_PRIVATE_EXTERN = YES;
				GCC_OPTIMIZATION_LEVEL = 0;
				GCC_PRECOMPILE_PREFIX_HEADER = YES;
				GCC_PREFIX_HEADER = Tentacles_Testing_2_Prefix.pch;
				GCC_PREPROCESSOR_DEFINITIONS = (
					"DEBUG=1",
					"$(inherited)",
				);
				GCC_SYMBOLS_PRIVATE_EXTERN = NO;
				INFOPLIST_FILE = Info.plist;
				INSTALL_PATH = "$(HOME)/Applications";
				OTHER_LDFLAGS = "\"$(CINDER_PATH)/lib/libcinder_d.a\"";
				PRODUCT_NAME = Tentacles_Testing_2;
				SYMROOT = ./build;
				WRAPPER_EXTENSION = app;
			};
			name = Debug;
		};
		C01FCF4C08A954540054247B /* Release */ = {
			isa = XCBuildConfiguration;
			buildSettings = {
				COMBINE_HIDPI_IMAGES = YES;
				DEAD_CODE_STRIPPING = YES;
				DEBUG_INFORMATION_FORMAT = "dwarf-with-dsym";
				GCC_FAST_MATH = YES;
				GCC_GENERATE_DEBUGGING_SYMBOLS = NO;
				GCC_INLINES_ARE_PRIVATE_EXTERN = YES;
				GCC_OPTIMIZATION_LEVEL = 3;
				GCC_PRECOMPILE_PREFIX_HEADER = YES;
				GCC_PREFIX_HEADER = Tentacles_Testing_2_Prefix.pch;
				GCC_SYMBOLS_PRIVATE_EXTERN = NO;
				INFOPLIST_FILE = Info.plist;
				INSTALL_PATH = "$(HOME)/Applications";
				OTHER_LDFLAGS = "\"$(CINDER_PATH)/lib/libcinder.a\"";
				PRODUCT_NAME = Tentacles_Testing_2;
				STRIP_INSTALLED_PRODUCT = YES;
				SYMROOT = ./build;
				WRAPPER_EXTENSION = app;
			};
			name = Release;
		};
		C01FCF4F08A954540054247B /* Debug */ = {
			isa = XCBuildConfiguration;
			buildSettings = {
				ALWAYS_SEARCH_USER_PATHS = NO;
				ARCHS = i386;
				CINDER_PATH = ../../../../../cinder_dev;
				CLANG_CXX_LANGUAGE_STANDARD = "c++0x";
				CLANG_CXX_LIBRARY = "libc++";
				GCC_WARN_ABOUT_RETURN_TYPE = YES;
				GCC_WARN_UNUSED_VARIABLE = YES;
				HEADER_SEARCH_PATHS = (
					"\"$(CINDER_PATH)/boost\"",
					"\"../libraries/Bullet_SDK/src\"",
				);
				MACOSX_DEPLOYMENT_TARGET = 10.7;
				SDKROOT = macosx;
				USER_HEADER_SEARCH_PATHS = "\"$(CINDER_PATH)/include\" ../include";
			};
			name = Debug;
		};
		C01FCF5008A954540054247B /* Release */ = {
			isa = XCBuildConfiguration;
			buildSettings = {
				ALWAYS_SEARCH_USER_PATHS = NO;
				ARCHS = i386;
				CINDER_PATH = ../../../../../cinder_dev;
				CLANG_CXX_LANGUAGE_STANDARD = "c++0x";
				CLANG_CXX_LIBRARY = "libc++";
				GCC_WARN_ABOUT_RETURN_TYPE = YES;
				GCC_WARN_UNUSED_VARIABLE = YES;
				HEADER_SEARCH_PATHS = (
					"\"$(CINDER_PATH)/boost\"",
					"\"../libraries/Bullet_SDK/src\"",
				);
				MACOSX_DEPLOYMENT_TARGET = 10.7;
				SDKROOT = macosx;
				USER_HEADER_SEARCH_PATHS = "\"$(CINDER_PATH)/include\" ../include";
			};
			name = Release;
		};
/* End XCBuildConfiguration section */

/* Begin XCConfigurationList section */
		C01FCF4A08A954540054247B /* Build configuration list for PBXNativeTarget "Tentacles_Testing_2" */ = {
			isa = XCConfigurationList;
			buildConfigurations = (
				C01FCF4B08A954540054247B /* Debug */,
				C01FCF4C08A954540054247B /* Release */,
			);
			defaultConfigurationIsVisible = 0;
			defaultConfigurationName = Release;
		};
		C01FCF4E08A954540054247B /* Build configuration list for PBXProject "Tentacles_Testing_2" */ = {
			isa = XCConfigurationList;
			buildConfigurations = (
				C01FCF4F08A954540054247B /* Debug */,
				C01FCF5008A954540054247B /* Release */,
			);
			defaultConfigurationIsVisible = 0;
			defaultConfigurationName = Release;
		};
/* End XCConfigurationList section */
	};
	rootObject = 29B97313FDCFA39411CA2CEA /* Project object */;
}
