// !$*UTF8*$!
{
	archiveVersion = 1;
	classes = {
	};
	objectVersion = 46;
	objects = {

/* Begin PBXBuildFile section */
		0091D8F90E81B9330029341E /* OpenGL.framework in Frameworks */ = {isa = PBXBuildFile; fileRef = 0091D8F80E81B9330029341E /* OpenGL.framework */; };
		00B784B30FF439BC000DE1D7 /* Accelerate.framework in Frameworks */ = {isa = PBXBuildFile; fileRef = 00B784AF0FF439BC000DE1D7 /* Accelerate.framework */; };
		00B784B40FF439BC000DE1D7 /* AudioToolbox.framework in Frameworks */ = {isa = PBXBuildFile; fileRef = 00B784B00FF439BC000DE1D7 /* AudioToolbox.framework */; };
		00B784B50FF439BC000DE1D7 /* AudioUnit.framework in Frameworks */ = {isa = PBXBuildFile; fileRef = 00B784B10FF439BC000DE1D7 /* AudioUnit.framework */; };
		00B784B60FF439BC000DE1D7 /* CoreAudio.framework in Frameworks */ = {isa = PBXBuildFile; fileRef = 00B784B20FF439BC000DE1D7 /* CoreAudio.framework */; };
		0A5EAF1C1CCB4C6CB24404C8 /* Blur_h_glsl.vert in Resources */ = {isa = PBXBuildFile; fileRef = 1A5E8E9AA6BC4BDDA23F075E /* Blur_h_glsl.vert */; };
		1AB50E1B3BB6492CBB101D89 /* AlphaToRGB_glsl.frag in Resources */ = {isa = PBXBuildFile; fileRef = D637F4D03EBB42AABD324BA8 /* AlphaToRGB_glsl.frag */; };
		1FF91EAD3A1848438D77276D /* SSAO_glsl.vert in Resources */ = {isa = PBXBuildFile; fileRef = 398B860BA25047C794A9CA9E /* SSAO_glsl.vert */; };
		24C615CD9EEC40D9841A5752 /* BasicBlender_glsl.vert in Resources */ = {isa = PBXBuildFile; fileRef = 80F4F1F4127D49738AFC4B7C /* BasicBlender_glsl.vert */; };
		2A2C844B4A674AF182F64A07 /* BasicBlender_glsl.frag in Resources */ = {isa = PBXBuildFile; fileRef = EC487352FA4E47BA90C3F018 /* BasicBlender_glsl.frag */; };
		2FFD87DA4A574B76BC03BCD8 /* Blur_v_glsl.frag in Resources */ = {isa = PBXBuildFile; fileRef = 4FB365707D3243F2920B1056 /* Blur_v_glsl.frag */; };
		382187193E7144DE8BDF85BA /* SSAO_glsl.frag in Resources */ = {isa = PBXBuildFile; fileRef = C77F770A36B34F87A0F508A9 /* SSAO_glsl.frag */; };
		38E2BC8130AF49718B29EFE4 /* Blur_v_glsl.vert in Resources */ = {isa = PBXBuildFile; fileRef = A3FCBB3E4591418BBA109909 /* Blur_v_glsl.vert */; };
		3C23C0AE91CA44E9ABBE3966 /* Deferred_glsl.vert in Resources */ = {isa = PBXBuildFile; fileRef = B556047162404E39ABF249DF /* Deferred_glsl.vert */; };
		5323E6B20EAFCA74003A9687 /* CoreVideo.framework in Frameworks */ = {isa = PBXBuildFile; fileRef = 5323E6B10EAFCA74003A9687 /* CoreVideo.framework */; };
		5323E6B60EAFCA7E003A9687 /* QTKit.framework in Frameworks */ = {isa = PBXBuildFile; fileRef = 5323E6B50EAFCA7E003A9687 /* QTKit.framework */; };
		5746299C7A864E15B09EC5E9 /* FXAA_glsl.vert in Resources */ = {isa = PBXBuildFile; fileRef = A025202C452D48F992D3FE2E /* FXAA_glsl.vert */; };
		6C439FCFA00B4AE6B7610779 /* Light_glsl.frag in Resources */ = {isa = PBXBuildFile; fileRef = 782A02630A9E40A6BEFED063 /* Light_glsl.frag */; };
		79391DECAEC243BFAAC20EED /* CinderApp.icns in Resources */ = {isa = PBXBuildFile; fileRef = DB7B3FF4CB114F0B8A4C0A78 /* CinderApp.icns */; };
		79B368CDA1D649D1844A18CF /* Light_glsl.vert in Resources */ = {isa = PBXBuildFile; fileRef = EF2B5CD51F304C0B922D6DFA /* Light_glsl.vert */; };
		7ADFA75ED2AB4100BCD4AC8A /* AlphaToRGB_glsl.vert in Resources */ = {isa = PBXBuildFile; fileRef = CFC0CEA842A249E9900DF6EB /* AlphaToRGB_glsl.vert */; };
		814087ECA21442859B1F3E32 /* CubeShadowMap_glsl.frag in Resources */ = {isa = PBXBuildFile; fileRef = 0B5BAF5F12244D88A5E29FC6 /* CubeShadowMap_glsl.frag */; };
		843A1765453F4FA2818D43DB /* Deferred_glsl.frag in Resources */ = {isa = PBXBuildFile; fileRef = F921FF57B35C4BCE9FC003CA /* Deferred_glsl.frag */; };
		875A9835CD7045BEBE26F236 /* random.png in Resources */ = {isa = PBXBuildFile; fileRef = FEDAD697B6544CCBA435AC40 /* random.png */; };
		87C2D5D8386F4658B9421084 /* CubeShadowMap_glsl.vert in Resources */ = {isa = PBXBuildFile; fileRef = C3FF76373F6C4559A1D4FF0B /* CubeShadowMap_glsl.vert */; };
		8D11072F0486CEB800E47090 /* Cocoa.framework in Frameworks */ = {isa = PBXBuildFile; fileRef = 1058C7A1FEA54F0111CA2CBB /* Cocoa.framework */; };
		992240B0D91040AB8B95CA4B /* FXAA_glsl.frag in Resources */ = {isa = PBXBuildFile; fileRef = 3E2DF2C038714207AA580C5B /* FXAA_glsl.frag */; };
		9D7D9DD364F24F8DB925A9D1 /* Blur_h_glsl.frag in Resources */ = {isa = PBXBuildFile; fileRef = 67CA516305064E788B773F2F /* Blur_h_glsl.frag */; };
		A331AF34D0AB43EF919CBA77 /* Tentacles_TestingApp.cpp in Sources */ = {isa = PBXBuildFile; fileRef = 450E8E68790A43E08881C9E3 /* Tentacles_TestingApp.cpp */; };
		DF1462C018BBC75500FC691E /* Tube.cpp in Sources */ = {isa = PBXBuildFile; fileRef = DF1462BF18BBC75500FC691E /* Tube.cpp */; };
/* End PBXBuildFile section */

/* Begin PBXFileReference section */
		0091D8F80E81B9330029341E /* OpenGL.framework */ = {isa = PBXFileReference; lastKnownFileType = wrapper.framework; name = OpenGL.framework; path = /System/Library/Frameworks/OpenGL.framework; sourceTree = "<absolute>"; };
		00B784AF0FF439BC000DE1D7 /* Accelerate.framework */ = {isa = PBXFileReference; lastKnownFileType = wrapper.framework; name = Accelerate.framework; path = System/Library/Frameworks/Accelerate.framework; sourceTree = SDKROOT; };
		00B784B00FF439BC000DE1D7 /* AudioToolbox.framework */ = {isa = PBXFileReference; lastKnownFileType = wrapper.framework; name = AudioToolbox.framework; path = System/Library/Frameworks/AudioToolbox.framework; sourceTree = SDKROOT; };
		00B784B10FF439BC000DE1D7 /* AudioUnit.framework */ = {isa = PBXFileReference; lastKnownFileType = wrapper.framework; name = AudioUnit.framework; path = System/Library/Frameworks/AudioUnit.framework; sourceTree = SDKROOT; };
		00B784B20FF439BC000DE1D7 /* CoreAudio.framework */ = {isa = PBXFileReference; lastKnownFileType = wrapper.framework; name = CoreAudio.framework; path = System/Library/Frameworks/CoreAudio.framework; sourceTree = SDKROOT; };
		0B5BAF5F12244D88A5E29FC6 /* CubeShadowMap_glsl.frag */ = {isa = PBXFileReference; lastKnownFileType = "\"\""; name = CubeShadowMap_glsl.frag; path = "../blocks/Cinder Deferred Renderer/resources/CinderDeferredResources/shaders/CubeShadowMap_glsl.frag"; sourceTree = "<group>"; };
		1058C7A1FEA54F0111CA2CBB /* Cocoa.framework */ = {isa = PBXFileReference; lastKnownFileType = wrapper.framework; name = Cocoa.framework; path = /System/Library/Frameworks/Cocoa.framework; sourceTree = "<absolute>"; };
		10DA0F5661454E11A6CAC0FD /* DeferredRenderer.h */ = {isa = PBXFileReference; lastKnownFileType = sourcecode.c.h; name = DeferredRenderer.h; path = "../blocks/Cinder Deferred Renderer/src/CinderDeferred/DeferredRenderer.h"; sourceTree = "<group>"; };
		1A5E8E9AA6BC4BDDA23F075E /* Blur_h_glsl.vert */ = {isa = PBXFileReference; lastKnownFileType = "\"\""; name = Blur_h_glsl.vert; path = "../blocks/Cinder Deferred Renderer/resources/CinderDeferredResources/shaders/Blur_h_glsl.vert"; sourceTree = "<group>"; };
		1CA391ABCEC1449598D7CC4D /* Resources.h */ = {isa = PBXFileReference; lastKnownFileType = sourcecode.c.h; name = Resources.h; path = ../include/Resources.h; sourceTree = "<group>"; };
		29B97324FDCFA39411CA2CEA /* AppKit.framework */ = {isa = PBXFileReference; lastKnownFileType = wrapper.framework; name = AppKit.framework; path = /System/Library/Frameworks/AppKit.framework; sourceTree = "<absolute>"; };
		29B97325FDCFA39411CA2CEA /* Foundation.framework */ = {isa = PBXFileReference; lastKnownFileType = wrapper.framework; name = Foundation.framework; path = /System/Library/Frameworks/Foundation.framework; sourceTree = "<absolute>"; };
		398B860BA25047C794A9CA9E /* SSAO_glsl.vert */ = {isa = PBXFileReference; lastKnownFileType = "\"\""; name = SSAO_glsl.vert; path = "../blocks/Cinder Deferred Renderer/resources/CinderDeferredResources/shaders/SSAO_glsl.vert"; sourceTree = "<group>"; };
		3E2DF2C038714207AA580C5B /* FXAA_glsl.frag */ = {isa = PBXFileReference; lastKnownFileType = "\"\""; name = FXAA_glsl.frag; path = "../blocks/Cinder Deferred Renderer/resources/CinderDeferredResources/shaders/FXAA_glsl.frag"; sourceTree = "<group>"; };
		450E8E68790A43E08881C9E3 /* Tentacles_TestingApp.cpp */ = {isa = PBXFileReference; lastKnownFileType = sourcecode.c.cpp; name = Tentacles_TestingApp.cpp; path = ../src/Tentacles_TestingApp.cpp; sourceTree = "<group>"; };
		4FB365707D3243F2920B1056 /* Blur_v_glsl.frag */ = {isa = PBXFileReference; lastKnownFileType = "\"\""; name = Blur_v_glsl.frag; path = "../blocks/Cinder Deferred Renderer/resources/CinderDeferredResources/shaders/Blur_v_glsl.frag"; sourceTree = "<group>"; };
		5323E6B10EAFCA74003A9687 /* CoreVideo.framework */ = {isa = PBXFileReference; lastKnownFileType = wrapper.framework; name = CoreVideo.framework; path = /System/Library/Frameworks/CoreVideo.framework; sourceTree = "<absolute>"; };
		5323E6B50EAFCA7E003A9687 /* QTKit.framework */ = {isa = PBXFileReference; lastKnownFileType = wrapper.framework; name = QTKit.framework; path = /System/Library/Frameworks/QTKit.framework; sourceTree = "<absolute>"; };
		67CA516305064E788B773F2F /* Blur_h_glsl.frag */ = {isa = PBXFileReference; lastKnownFileType = "\"\""; name = Blur_h_glsl.frag; path = "../blocks/Cinder Deferred Renderer/resources/CinderDeferredResources/shaders/Blur_h_glsl.frag"; sourceTree = "<group>"; };
		782A02630A9E40A6BEFED063 /* Light_glsl.frag */ = {isa = PBXFileReference; lastKnownFileType = "\"\""; name = Light_glsl.frag; path = "../blocks/Cinder Deferred Renderer/resources/CinderDeferredResources/shaders/Light_glsl.frag"; sourceTree = "<group>"; };
		7D3484CB0782469A8C8D9030 /* Info.plist */ = {isa = PBXFileReference; lastKnownFileType = text.plist.xml; path = Info.plist; sourceTree = "<group>"; };
		80F4F1F4127D49738AFC4B7C /* BasicBlender_glsl.vert */ = {isa = PBXFileReference; lastKnownFileType = "\"\""; name = BasicBlender_glsl.vert; path = "../blocks/Cinder Deferred Renderer/resources/CinderDeferredResources/shaders/BasicBlender_glsl.vert"; sourceTree = "<group>"; };
		82ECB0CF77AF41A6A876DCBC /* CubeShadowMap.h */ = {isa = PBXFileReference; lastKnownFileType = sourcecode.c.h; name = CubeShadowMap.h; path = "../blocks/Cinder Deferred Renderer/src/CinderDeferred/CubeShadowMap.h"; sourceTree = "<group>"; };
		8D1107320486CEB800E47090 /* Tentacles_Testing.app */ = {isa = PBXFileReference; explicitFileType = wrapper.application; includeInIndex = 0; path = Tentacles_Testing.app; sourceTree = BUILT_PRODUCTS_DIR; };
		A025202C452D48F992D3FE2E /* FXAA_glsl.vert */ = {isa = PBXFileReference; lastKnownFileType = "\"\""; name = FXAA_glsl.vert; path = "../blocks/Cinder Deferred Renderer/resources/CinderDeferredResources/shaders/FXAA_glsl.vert"; sourceTree = "<group>"; };
		A3FCBB3E4591418BBA109909 /* Blur_v_glsl.vert */ = {isa = PBXFileReference; lastKnownFileType = "\"\""; name = Blur_v_glsl.vert; path = "../blocks/Cinder Deferred Renderer/resources/CinderDeferredResources/shaders/Blur_v_glsl.vert"; sourceTree = "<group>"; };
		B556047162404E39ABF249DF /* Deferred_glsl.vert */ = {isa = PBXFileReference; lastKnownFileType = "\"\""; name = Deferred_glsl.vert; path = "../blocks/Cinder Deferred Renderer/resources/CinderDeferredResources/shaders/Deferred_glsl.vert"; sourceTree = "<group>"; };
		C3FF76373F6C4559A1D4FF0B /* CubeShadowMap_glsl.vert */ = {isa = PBXFileReference; lastKnownFileType = "\"\""; name = CubeShadowMap_glsl.vert; path = "../blocks/Cinder Deferred Renderer/resources/CinderDeferredResources/shaders/CubeShadowMap_glsl.vert"; sourceTree = "<group>"; };
		C77F770A36B34F87A0F508A9 /* SSAO_glsl.frag */ = {isa = PBXFileReference; lastKnownFileType = "\"\""; name = SSAO_glsl.frag; path = "../blocks/Cinder Deferred Renderer/resources/CinderDeferredResources/shaders/SSAO_glsl.frag"; sourceTree = "<group>"; };
		CFC0CEA842A249E9900DF6EB /* AlphaToRGB_glsl.vert */ = {isa = PBXFileReference; lastKnownFileType = "\"\""; name = AlphaToRGB_glsl.vert; path = "../blocks/Cinder Deferred Renderer/resources/CinderDeferredResources/shaders/AlphaToRGB_glsl.vert"; sourceTree = "<group>"; };
		D637F4D03EBB42AABD324BA8 /* AlphaToRGB_glsl.frag */ = {isa = PBXFileReference; lastKnownFileType = "\"\""; name = AlphaToRGB_glsl.frag; path = "../blocks/Cinder Deferred Renderer/resources/CinderDeferredResources/shaders/AlphaToRGB_glsl.frag"; sourceTree = "<group>"; };
		DB7B3FF4CB114F0B8A4C0A78 /* CinderApp.icns */ = {isa = PBXFileReference; lastKnownFileType = image.icns; name = CinderApp.icns; path = ../resources/CinderApp.icns; sourceTree = "<group>"; };
		DF1462BF18BBC75500FC691E /* Tube.cpp */ = {isa = PBXFileReference; fileEncoding = 4; lastKnownFileType = sourcecode.cpp.cpp; name = Tube.cpp; path = ../src/Tube.cpp; sourceTree = "<group>"; };
		DF1462C118BBC76100FC691E /* Tube.h */ = {isa = PBXFileReference; fileEncoding = 4; lastKnownFileType = sourcecode.c.h; name = Tube.h; path = ../include/Tube.h; sourceTree = "<group>"; };
		EC487352FA4E47BA90C3F018 /* BasicBlender_glsl.frag */ = {isa = PBXFileReference; lastKnownFileType = "\"\""; name = BasicBlender_glsl.frag; path = "../blocks/Cinder Deferred Renderer/resources/CinderDeferredResources/shaders/BasicBlender_glsl.frag"; sourceTree = "<group>"; };
		EF2B5CD51F304C0B922D6DFA /* Light_glsl.vert */ = {isa = PBXFileReference; lastKnownFileType = "\"\""; name = Light_glsl.vert; path = "../blocks/Cinder Deferred Renderer/resources/CinderDeferredResources/shaders/Light_glsl.vert"; sourceTree = "<group>"; };
		F921FF57B35C4BCE9FC003CA /* Deferred_glsl.frag */ = {isa = PBXFileReference; lastKnownFileType = "\"\""; name = Deferred_glsl.frag; path = "../blocks/Cinder Deferred Renderer/resources/CinderDeferredResources/shaders/Deferred_glsl.frag"; sourceTree = "<group>"; };
		F9AAA9E37E164BE8B7A111D6 /* Tentacles_Testing_Prefix.pch */ = {isa = PBXFileReference; lastKnownFileType = "\"\""; path = Tentacles_Testing_Prefix.pch; sourceTree = "<group>"; };
		FEDAD697B6544CCBA435AC40 /* random.png */ = {isa = PBXFileReference; lastKnownFileType = "\"\""; name = random.png; path = "../blocks/Cinder Deferred Renderer/resources/CinderDeferredResources/textures/random.png"; sourceTree = "<group>"; };
/* End PBXFileReference section */

/* Begin PBXFrameworksBuildPhase section */
		8D11072E0486CEB800E47090 /* Frameworks */ = {
			isa = PBXFrameworksBuildPhase;
			buildActionMask = 2147483647;
			files = (
				8D11072F0486CEB800E47090 /* Cocoa.framework in Frameworks */,
				0091D8F90E81B9330029341E /* OpenGL.framework in Frameworks */,
				5323E6B20EAFCA74003A9687 /* CoreVideo.framework in Frameworks */,
				5323E6B60EAFCA7E003A9687 /* QTKit.framework in Frameworks */,
				00B784B30FF439BC000DE1D7 /* Accelerate.framework in Frameworks */,
				00B784B40FF439BC000DE1D7 /* AudioToolbox.framework in Frameworks */,
				00B784B50FF439BC000DE1D7 /* AudioUnit.framework in Frameworks */,
				00B784B60FF439BC000DE1D7 /* CoreAudio.framework in Frameworks */,
			);
			runOnlyForDeploymentPostprocessing = 0;
		};
/* End PBXFrameworksBuildPhase section */

/* Begin PBXGroup section */
		01B97315FEAEA392516A2CEA /* Blocks */ = {
			isa = PBXGroup;
			children = (
				10E62AA9251C411293F32082 /* Cinder Deferred Renderer */,
			);
			name = Blocks;
			sourceTree = "<group>";
		};
		080E96DDFE201D6D7F000001 /* Source */ = {
			isa = PBXGroup;
			children = (
				DF1462BF18BBC75500FC691E /* Tube.cpp */,
				450E8E68790A43E08881C9E3 /* Tentacles_TestingApp.cpp */,
			);
			name = Source;
			sourceTree = "<group>";
		};
		1058C7A0FEA54F0111CA2CBB /* Linked Frameworks */ = {
			isa = PBXGroup;
			children = (
				00B784AF0FF439BC000DE1D7 /* Accelerate.framework */,
				00B784B00FF439BC000DE1D7 /* AudioToolbox.framework */,
				00B784B10FF439BC000DE1D7 /* AudioUnit.framework */,
				00B784B20FF439BC000DE1D7 /* CoreAudio.framework */,
				5323E6B50EAFCA7E003A9687 /* QTKit.framework */,
				5323E6B10EAFCA74003A9687 /* CoreVideo.framework */,
				0091D8F80E81B9330029341E /* OpenGL.framework */,
				1058C7A1FEA54F0111CA2CBB /* Cocoa.framework */,
			);
			name = "Linked Frameworks";
			sourceTree = "<group>";
		};
		1058C7A2FEA54F0111CA2CBB /* Other Frameworks */ = {
			isa = PBXGroup;
			children = (
				29B97324FDCFA39411CA2CEA /* AppKit.framework */,
				29B97325FDCFA39411CA2CEA /* Foundation.framework */,
			);
			name = "Other Frameworks";
			sourceTree = "<group>";
		};
		10E62AA9251C411293F32082 /* Cinder Deferred Renderer */ = {
			isa = PBXGroup;
			children = (
				5FA8FA49D7194556A788F1A1 /* src */,
				6A266A9E052E480E83CF4931 /* resources */,
			);
			name = "Cinder Deferred Renderer";
			sourceTree = "<group>";
		};
		19C28FACFE9D520D11CA2CBB /* Products */ = {
			isa = PBXGroup;
			children = (
				8D1107320486CEB800E47090 /* Tentacles_Testing.app */,
			);
			name = Products;
			sourceTree = "<group>";
		};
		29B97314FDCFA39411CA2CEA /* Tentacles_Testing */ = {
			isa = PBXGroup;
			children = (
				01B97315FEAEA392516A2CEA /* Blocks */,
				29B97315FDCFA39411CA2CEA /* Headers */,
				080E96DDFE201D6D7F000001 /* Source */,
				29B97317FDCFA39411CA2CEA /* Resources */,
				29B97323FDCFA39411CA2CEA /* Frameworks */,
				19C28FACFE9D520D11CA2CBB /* Products */,
			);
			name = Tentacles_Testing;
			sourceTree = "<group>";
		};
		29B97315FDCFA39411CA2CEA /* Headers */ = {
			isa = PBXGroup;
			children = (
				DF1462C118BBC76100FC691E /* Tube.h */,
				1CA391ABCEC1449598D7CC4D /* Resources.h */,
				F9AAA9E37E164BE8B7A111D6 /* Tentacles_Testing_Prefix.pch */,
			);
			name = Headers;
			sourceTree = "<group>";
		};
		29B97317FDCFA39411CA2CEA /* Resources */ = {
			isa = PBXGroup;
			children = (
				DB7B3FF4CB114F0B8A4C0A78 /* CinderApp.icns */,
				7D3484CB0782469A8C8D9030 /* Info.plist */,
			);
			name = Resources;
			sourceTree = "<group>";
		};
		29B97323FDCFA39411CA2CEA /* Frameworks */ = {
			isa = PBXGroup;
			children = (
				1058C7A0FEA54F0111CA2CBB /* Linked Frameworks */,
				1058C7A2FEA54F0111CA2CBB /* Other Frameworks */,
			);
			name = Frameworks;
			sourceTree = "<group>";
		};
		4D519A13525F4B6394C679E4 /* textures */ = {
			isa = PBXGroup;
			children = (
				FEDAD697B6544CCBA435AC40 /* random.png */,
			);
			name = textures;
			sourceTree = "<group>";
		};
		5FA8FA49D7194556A788F1A1 /* src */ = {
			isa = PBXGroup;
			children = (
				86A7212634D3402AAD84F070 /* CinderDeferred */,
			);
			name = src;
			sourceTree = "<group>";
		};
		6A266A9E052E480E83CF4931 /* resources */ = {
			isa = PBXGroup;
			children = (
				F237974FC5E943F3B249B77F /* CinderDeferredResources */,
			);
			name = resources;
			sourceTree = "<group>";
		};
		86A7212634D3402AAD84F070 /* CinderDeferred */ = {
			isa = PBXGroup;
			children = (
				10DA0F5661454E11A6CAC0FD /* DeferredRenderer.h */,
				82ECB0CF77AF41A6A876DCBC /* CubeShadowMap.h */,
			);
			name = CinderDeferred;
			sourceTree = "<group>";
		};
		B2AF3F0E3A6B475398188106 /* shaders */ = {
			isa = PBXGroup;
			children = (
				CFC0CEA842A249E9900DF6EB /* AlphaToRGB_glsl.vert */,
				D637F4D03EBB42AABD324BA8 /* AlphaToRGB_glsl.frag */,
				80F4F1F4127D49738AFC4B7C /* BasicBlender_glsl.vert */,
				EC487352FA4E47BA90C3F018 /* BasicBlender_glsl.frag */,
				1A5E8E9AA6BC4BDDA23F075E /* Blur_h_glsl.vert */,
				67CA516305064E788B773F2F /* Blur_h_glsl.frag */,
				A3FCBB3E4591418BBA109909 /* Blur_v_glsl.vert */,
				4FB365707D3243F2920B1056 /* Blur_v_glsl.frag */,
				C3FF76373F6C4559A1D4FF0B /* CubeShadowMap_glsl.vert */,
				0B5BAF5F12244D88A5E29FC6 /* CubeShadowMap_glsl.frag */,
				B556047162404E39ABF249DF /* Deferred_glsl.vert */,
				F921FF57B35C4BCE9FC003CA /* Deferred_glsl.frag */,
				A025202C452D48F992D3FE2E /* FXAA_glsl.vert */,
				3E2DF2C038714207AA580C5B /* FXAA_glsl.frag */,
				EF2B5CD51F304C0B922D6DFA /* Light_glsl.vert */,
				782A02630A9E40A6BEFED063 /* Light_glsl.frag */,
				398B860BA25047C794A9CA9E /* SSAO_glsl.vert */,
				C77F770A36B34F87A0F508A9 /* SSAO_glsl.frag */,
			);
			name = shaders;
			sourceTree = "<group>";
		};
		F237974FC5E943F3B249B77F /* CinderDeferredResources */ = {
			isa = PBXGroup;
			children = (
				4D519A13525F4B6394C679E4 /* textures */,
				B2AF3F0E3A6B475398188106 /* shaders */,
			);
			name = CinderDeferredResources;
			sourceTree = "<group>";
		};
/* End PBXGroup section */

/* Begin PBXNativeTarget section */
		8D1107260486CEB800E47090 /* Tentacles_Testing */ = {
			isa = PBXNativeTarget;
			buildConfigurationList = C01FCF4A08A954540054247B /* Build configuration list for PBXNativeTarget "Tentacles_Testing" */;
			buildPhases = (
				8D1107290486CEB800E47090 /* Resources */,
				8D11072C0486CEB800E47090 /* Sources */,
				8D11072E0486CEB800E47090 /* Frameworks */,
			);
			buildRules = (
			);
			dependencies = (
			);
			name = Tentacles_Testing;
			productInstallPath = "$(HOME)/Applications";
			productName = Tentacles_Testing;
			productReference = 8D1107320486CEB800E47090 /* Tentacles_Testing.app */;
			productType = "com.apple.product-type.application";
		};
/* End PBXNativeTarget section */

/* Begin PBXProject section */
		29B97313FDCFA39411CA2CEA /* Project object */ = {
			isa = PBXProject;
			attributes = {
			};
			buildConfigurationList = C01FCF4E08A954540054247B /* Build configuration list for PBXProject "Tentacles_Testing" */;
			compatibilityVersion = "Xcode 3.2";
			developmentRegion = English;
			hasScannedForEncodings = 1;
			knownRegions = (
				English,
				Japanese,
				French,
				German,
			);
			mainGroup = 29B97314FDCFA39411CA2CEA /* Tentacles_Testing */;
			projectDirPath = "";
			projectRoot = "";
			targets = (
				8D1107260486CEB800E47090 /* Tentacles_Testing */,
			);
		};
/* End PBXProject section */

/* Begin PBXResourcesBuildPhase section */
		8D1107290486CEB800E47090 /* Resources */ = {
			isa = PBXResourcesBuildPhase;
			buildActionMask = 2147483647;
			files = (
				79391DECAEC243BFAAC20EED /* CinderApp.icns in Resources */,
				875A9835CD7045BEBE26F236 /* random.png in Resources */,
				7ADFA75ED2AB4100BCD4AC8A /* AlphaToRGB_glsl.vert in Resources */,
				1AB50E1B3BB6492CBB101D89 /* AlphaToRGB_glsl.frag in Resources */,
				24C615CD9EEC40D9841A5752 /* BasicBlender_glsl.vert in Resources */,
				2A2C844B4A674AF182F64A07 /* BasicBlender_glsl.frag in Resources */,
				0A5EAF1C1CCB4C6CB24404C8 /* Blur_h_glsl.vert in Resources */,
				9D7D9DD364F24F8DB925A9D1 /* Blur_h_glsl.frag in Resources */,
				38E2BC8130AF49718B29EFE4 /* Blur_v_glsl.vert in Resources */,
				2FFD87DA4A574B76BC03BCD8 /* Blur_v_glsl.frag in Resources */,
				87C2D5D8386F4658B9421084 /* CubeShadowMap_glsl.vert in Resources */,
				814087ECA21442859B1F3E32 /* CubeShadowMap_glsl.frag in Resources */,
				3C23C0AE91CA44E9ABBE3966 /* Deferred_glsl.vert in Resources */,
				843A1765453F4FA2818D43DB /* Deferred_glsl.frag in Resources */,
				5746299C7A864E15B09EC5E9 /* FXAA_glsl.vert in Resources */,
				992240B0D91040AB8B95CA4B /* FXAA_glsl.frag in Resources */,
				79B368CDA1D649D1844A18CF /* Light_glsl.vert in Resources */,
				6C439FCFA00B4AE6B7610779 /* Light_glsl.frag in Resources */,
				1FF91EAD3A1848438D77276D /* SSAO_glsl.vert in Resources */,
				382187193E7144DE8BDF85BA /* SSAO_glsl.frag in Resources */,
			);
			runOnlyForDeploymentPostprocessing = 0;
		};
/* End PBXResourcesBuildPhase section */

/* Begin PBXSourcesBuildPhase section */
		8D11072C0486CEB800E47090 /* Sources */ = {
			isa = PBXSourcesBuildPhase;
			buildActionMask = 2147483647;
			files = (
				A331AF34D0AB43EF919CBA77 /* Tentacles_TestingApp.cpp in Sources */,
				DF1462C018BBC75500FC691E /* Tube.cpp in Sources */,
			);
			runOnlyForDeploymentPostprocessing = 0;
		};
/* End PBXSourcesBuildPhase section */

/* Begin XCBuildConfiguration section */
		C01FCF4B08A954540054247B /* Debug */ = {
			isa = XCBuildConfiguration;
			buildSettings = {
				COMBINE_HIDPI_IMAGES = YES;
				COPY_PHASE_STRIP = NO;
				DEAD_CODE_STRIPPING = YES;
				GCC_DYNAMIC_NO_PIC = NO;
				GCC_INLINES_ARE_PRIVATE_EXTERN = YES;
				GCC_OPTIMIZATION_LEVEL = 0;
				GCC_PRECOMPILE_PREFIX_HEADER = YES;
				GCC_PREFIX_HEADER = Tentacles_Testing_Prefix.pch;
				GCC_PREPROCESSOR_DEFINITIONS = (
					"DEBUG=1",
					"$(inherited)",
				);
				GCC_SYMBOLS_PRIVATE_EXTERN = NO;
				INFOPLIST_FILE = Info.plist;
				INSTALL_PATH = "$(HOME)/Applications";
				OTHER_LDFLAGS = "\"$(CINDER_PATH)/lib/libcinder_d.a\"";
				PRODUCT_NAME = Tentacles_Testing;
				SYMROOT = ./build;
				WRAPPER_EXTENSION = app;
			};
			name = Debug;
		};
		C01FCF4C08A954540054247B /* Release */ = {
			isa = XCBuildConfiguration;
			buildSettings = {
				COMBINE_HIDPI_IMAGES = YES;
				DEAD_CODE_STRIPPING = YES;
				DEBUG_INFORMATION_FORMAT = "dwarf-with-dsym";
				GCC_FAST_MATH = YES;
				GCC_GENERATE_DEBUGGING_SYMBOLS = NO;
				GCC_INLINES_ARE_PRIVATE_EXTERN = YES;
				GCC_OPTIMIZATION_LEVEL = 3;
				GCC_PRECOMPILE_PREFIX_HEADER = YES;
				GCC_PREFIX_HEADER = Tentacles_Testing_Prefix.pch;
				GCC_SYMBOLS_PRIVATE_EXTERN = NO;
				INFOPLIST_FILE = Info.plist;
				INSTALL_PATH = "$(HOME)/Applications";
				OTHER_LDFLAGS = "\"$(CINDER_PATH)/lib/libcinder.a\"";
				PRODUCT_NAME = Tentacles_Testing;
				STRIP_INSTALLED_PRODUCT = YES;
				SYMROOT = ./build;
				WRAPPER_EXTENSION = app;
			};
			name = Release;
		};
		C01FCF4F08A954540054247B /* Debug */ = {
			isa = XCBuildConfiguration;
			buildSettings = {
				ALWAYS_SEARCH_USER_PATHS = NO;
				ARCHS = i386;
				CINDER_PATH = ../../../../../cinder_dev;
				CLANG_CXX_LANGUAGE_STANDARD = "c++0x";
				CLANG_CXX_LIBRARY = "libc++";
				GCC_WARN_ABOUT_RETURN_TYPE = YES;
				GCC_WARN_UNUSED_VARIABLE = YES;
				HEADER_SEARCH_PATHS = "\"$(CINDER_PATH)/boost\"";
				MACOSX_DEPLOYMENT_TARGET = 10.7;
				SDKROOT = macosx;
				USER_HEADER_SEARCH_PATHS = "\"$(CINDER_PATH)/include\" ../include \"../blocks/Cinder Deferred Renderer/src/CinderDeferred\"";
			};
			name = Debug;
		};
		C01FCF5008A954540054247B /* Release */ = {
			isa = XCBuildConfiguration;
			buildSettings = {
				ALWAYS_SEARCH_USER_PATHS = NO;
				ARCHS = i386;
				CINDER_PATH = ../../../../../cinder_dev;
				CLANG_CXX_LANGUAGE_STANDARD = "c++0x";
				CLANG_CXX_LIBRARY = "libc++";
				GCC_WARN_ABOUT_RETURN_TYPE = YES;
				GCC_WARN_UNUSED_VARIABLE = YES;
				HEADER_SEARCH_PATHS = "\"$(CINDER_PATH)/boost\"";
				MACOSX_DEPLOYMENT_TARGET = 10.7;
				SDKROOT = macosx;
				USER_HEADER_SEARCH_PATHS = "\"$(CINDER_PATH)/include\" ../include \"../blocks/Cinder Deferred Renderer/src/CinderDeferred\"";
			};
			name = Release;
		};
/* End XCBuildConfiguration section */

/* Begin XCConfigurationList section */
		C01FCF4A08A954540054247B /* Build configuration list for PBXNativeTarget "Tentacles_Testing" */ = {
			isa = XCConfigurationList;
			buildConfigurations = (
				C01FCF4B08A954540054247B /* Debug */,
				C01FCF4C08A954540054247B /* Release */,
			);
			defaultConfigurationIsVisible = 0;
			defaultConfigurationName = Release;
		};
		C01FCF4E08A954540054247B /* Build configuration list for PBXProject "Tentacles_Testing" */ = {
			isa = XCConfigurationList;
			buildConfigurations = (
				C01FCF4F08A954540054247B /* Debug */,
				C01FCF5008A954540054247B /* Release */,
			);
			defaultConfigurationIsVisible = 0;
			defaultConfigurationName = Release;
		};
/* End XCConfigurationList section */
	};
	rootObject = 29B97313FDCFA39411CA2CEA /* Project object */;
}
